
Microsoft Visual Studio Solution File, Format Version 12.00
# Visual Studio Version 17
VisualStudioVersion = 17.5.002.0
MinimumVisualStudioVersion = 10.0.40219.1
Project("{9A19103F-16F7-4668-BE54-9A1E7A4F7556}") = "Bank.Management.Console", "Bank.Management.Console.csproj", "{AB023817-4A60-47C3-8002-A45FE7F2EA71}"
EndProject
Global
	GlobalSection(SolutionConfigurationPlatforms) = preSolution
		Debug|Any CPU = Debug|Any CPU
		Release|Any CPU = Release|Any CPU
	EndGlobalSection
	GlobalSection(ProjectConfigurationPlatforms) = postSolution
		{AB023817-4A60-47C3-8002-A45FE7F2EA71}.Debug|Any CPU.ActiveCfg = Debug|Any CPU
		{AB023817-4A60-47C3-8002-A45FE7F2EA71}.Debug|Any CPU.Build.0 = Debug|Any CPU
		{AB023817-4A60-47C3-8002-A45FE7F2EA71}.Release|Any CPU.ActiveCfg = Release|Any CPU
		{AB023817-4A60-47C3-8002-A45FE7F2EA71}.Release|Any CPU.Build.0 = Release|Any CPU
	EndGlobalSection
	GlobalSection(SolutionProperties) = preSolution
		HideSolutionNode = FALSE
	EndGlobalSection
	GlobalSection(ExtensibilityGlobals) = postSolution
		SolutionGuid = {C299CC2B-4803-470C-AA96-C09C18299A64}
	EndGlobalSection
EndGlobal
